
Microsoft Visual Studio Solution File, Format Version 12.00
# Visual Studio Version 17
VisualStudioVersion = 17.7.34031.279
MinimumVisualStudioVersion = 10.0.40219.1
Project("{FAE04EC0-301F-11D3-BF4B-00C04F79EFBC}") = "MKR1", "MKR1.csproj", "{D9F13551-D88E-4B93-A471-A041A359F4D4}"
EndProject
Global
	GlobalSection(SolutionConfigurationPlatforms) = preSolution
		Debug|Any CPU = Debug|Any CPU
		Release|Any CPU = Release|Any CPU
	EndGlobalSection
	GlobalSection(ProjectConfigurationPlatforms) = postSolution
		{D9F13551-D88E-4B93-A471-A041A359F4D4}.Debug|Any CPU.ActiveCfg = Debug|Any CPU
		{D9F13551-D88E-4B93-A471-A041A359F4D4}.Debug|Any CPU.Build.0 = Debug|Any CPU
		{D9F13551-D88E-4B93-A471-A041A359F4D4}.Release|Any CPU.ActiveCfg = Release|Any CPU
		{D9F13551-D88E-4B93-A471-A041A359F4D4}.Release|Any CPU.Build.0 = Release|Any CPU
	EndGlobalSection
	GlobalSection(SolutionProperties) = preSolution
		HideSolutionNode = FALSE
	EndGlobalSection
	GlobalSection(ExtensibilityGlobals) = postSolution
		SolutionGuid = {4E655247-59FF-4EF8-93F4-B25EE2CEED18}
	EndGlobalSection
EndGlobal
