
Microsoft Visual Studio Solution File, Format Version 12.00
# Visual Studio Version 17
VisualStudioVersion = 17.8.34322.80
MinimumVisualStudioVersion = 10.0.40219.1
Project("{FAE04EC0-301F-11D3-BF4B-00C04F79EFBC}") = "Lab4", "Lab4.csproj", "{4893D0C2-DBAA-4010-89B8-019DD00EF7EA}"
EndProject
Global
	GlobalSection(SolutionConfigurationPlatforms) = preSolution
		Debug|Any CPU = Debug|Any CPU
		Release|Any CPU = Release|Any CPU
	EndGlobalSection
	GlobalSection(ProjectConfigurationPlatforms) = postSolution
		{4893D0C2-DBAA-4010-89B8-019DD00EF7EA}.Debug|Any CPU.ActiveCfg = Debug|Any CPU
		{4893D0C2-DBAA-4010-89B8-019DD00EF7EA}.Debug|Any CPU.Build.0 = Debug|Any CPU
		{4893D0C2-DBAA-4010-89B8-019DD00EF7EA}.Release|Any CPU.ActiveCfg = Release|Any CPU
		{4893D0C2-DBAA-4010-89B8-019DD00EF7EA}.Release|Any CPU.Build.0 = Release|Any CPU
	EndGlobalSection
	GlobalSection(SolutionProperties) = preSolution
		HideSolutionNode = FALSE
	EndGlobalSection
	GlobalSection(ExtensibilityGlobals) = postSolution
		SolutionGuid = {70FA6BCA-FD68-4974-98B1-9CBE6F5201BB}
	EndGlobalSection
EndGlobal
